
Microsoft Visual Studio Solution File, Format Version 12.00
# Visual Studio Version 16
VisualStudioVersion = 16.0.30709.132
MinimumVisualStudioVersion = 10.0.40219.1
Project("{9A19103F-16F7-4668-BE54-9A1E7A4F7556}") = "Caf.Midden.Metadata", "Caf.Midden.Metadata\Caf.Midden.Metadata.csproj", "{24987D89-784D-49B7-B0EA-3B237265A9FF}"
EndProject
Project("{9A19103F-16F7-4668-BE54-9A1E7A4F7556}") = "Caf.Midden.Core", "Caf.Midden.Core\Caf.Midden.Core.csproj", "{EFB9CA87-5B92-499F-8626-2CE95A8038BA}"
EndProject
Project("{9A19103F-16F7-4668-BE54-9A1E7A4F7556}") = "Caf.Midden.Components", "Caf.Midden.Components\Caf.Midden.Components.csproj", "{01D2F220-BD84-44D8-877E-54F340AF236F}"
EndProject
Project("{FAE04EC0-301F-11D3-BF4B-00C04F79EFBC}") = "Caf.Midden.Core.Tests", "Caf.Midden.Core.Tests\Caf.Midden.Core.Tests.csproj", "{B9E45E7B-1D6A-418A-BAB4-320584720B76}"
EndProject
Global
	GlobalSection(SolutionConfigurationPlatforms) = preSolution
		Debug|Any CPU = Debug|Any CPU
		Release|Any CPU = Release|Any CPU
	EndGlobalSection
	GlobalSection(ProjectConfigurationPlatforms) = postSolution
		{24987D89-784D-49B7-B0EA-3B237265A9FF}.Debug|Any CPU.ActiveCfg = Debug|Any CPU
		{24987D89-784D-49B7-B0EA-3B237265A9FF}.Debug|Any CPU.Build.0 = Debug|Any CPU
		{24987D89-784D-49B7-B0EA-3B237265A9FF}.Release|Any CPU.ActiveCfg = Release|Any CPU
		{24987D89-784D-49B7-B0EA-3B237265A9FF}.Release|Any CPU.Build.0 = Release|Any CPU
		{EFB9CA87-5B92-499F-8626-2CE95A8038BA}.Debug|Any CPU.ActiveCfg = Debug|Any CPU
		{EFB9CA87-5B92-499F-8626-2CE95A8038BA}.Debug|Any CPU.Build.0 = Debug|Any CPU
		{EFB9CA87-5B92-499F-8626-2CE95A8038BA}.Release|Any CPU.ActiveCfg = Release|Any CPU
		{EFB9CA87-5B92-499F-8626-2CE95A8038BA}.Release|Any CPU.Build.0 = Release|Any CPU
		{01D2F220-BD84-44D8-877E-54F340AF236F}.Debug|Any CPU.ActiveCfg = Debug|Any CPU
		{01D2F220-BD84-44D8-877E-54F340AF236F}.Debug|Any CPU.Build.0 = Debug|Any CPU
		{01D2F220-BD84-44D8-877E-54F340AF236F}.Release|Any CPU.ActiveCfg = Release|Any CPU
		{01D2F220-BD84-44D8-877E-54F340AF236F}.Release|Any CPU.Build.0 = Release|Any CPU
		{B9E45E7B-1D6A-418A-BAB4-320584720B76}.Debug|Any CPU.ActiveCfg = Debug|Any CPU
		{B9E45E7B-1D6A-418A-BAB4-320584720B76}.Debug|Any CPU.Build.0 = Debug|Any CPU
		{B9E45E7B-1D6A-418A-BAB4-320584720B76}.Release|Any CPU.ActiveCfg = Release|Any CPU
		{B9E45E7B-1D6A-418A-BAB4-320584720B76}.Release|Any CPU.Build.0 = Release|Any CPU
	EndGlobalSection
	GlobalSection(SolutionProperties) = preSolution
		HideSolutionNode = FALSE
	EndGlobalSection
	GlobalSection(ExtensibilityGlobals) = postSolution
		SolutionGuid = {A04A45DE-3E28-4FA5-A87F-6EDF9012B05D}
	EndGlobalSection
EndGlobal
