
Microsoft Visual Studio Solution File, Format Version 12.00
# Visual Studio Version 17
VisualStudioVersion = 17.3.32825.248
MinimumVisualStudioVersion = 10.0.40219.1
Project("{9A19103F-16F7-4668-BE54-9A1E7A4F7556}") = "Caf.Midden.Core", "Caf.Midden.Core\Caf.Midden.Core.csproj", "{EFB9CA87-5B92-499F-8626-2CE95A8038BA}"
EndProject
Project("{9A19103F-16F7-4668-BE54-9A1E7A4F7556}") = "Caf.Midden.Core.Tests", "Caf.Midden.Core.Tests\Caf.Midden.Core.Tests.csproj", "{B9E45E7B-1D6A-418A-BAB4-320584720B76}"
EndProject
Project("{9A19103F-16F7-4668-BE54-9A1E7A4F7556}") = "Caf.Midden.Wasm", "Caf.Midden.Wasm\Caf.Midden.Wasm.csproj", "{DB5E77D5-671C-4516-BC7E-580566A780B6}"
EndProject
Project("{9A19103F-16F7-4668-BE54-9A1E7A4F7556}") = "Caf.Midden.Cli", "Caf.Midden.Cli\Caf.Midden.Cli.csproj", "{F2B9716B-1DCE-43B8-84A3-38029B693E90}"
EndProject
Project("{9A19103F-16F7-4668-BE54-9A1E7A4F7556}") = "Caf.Midden.Cli.Tests", "Caf.Midden.Cli.Tests\Caf.Midden.Cli.Tests.csproj", "{92D543A8-BF96-47F9-A278-70C0E1054BAD}"
EndProject
Global
	GlobalSection(SolutionConfigurationPlatforms) = preSolution
		Debug|Any CPU = Debug|Any CPU
		Release|Any CPU = Release|Any CPU
	EndGlobalSection
	GlobalSection(ProjectConfigurationPlatforms) = postSolution
		{EFB9CA87-5B92-499F-8626-2CE95A8038BA}.Debug|Any CPU.ActiveCfg = Debug|Any CPU
		{EFB9CA87-5B92-499F-8626-2CE95A8038BA}.Debug|Any CPU.Build.0 = Debug|Any CPU
		{EFB9CA87-5B92-499F-8626-2CE95A8038BA}.Release|Any CPU.ActiveCfg = Release|Any CPU
		{EFB9CA87-5B92-499F-8626-2CE95A8038BA}.Release|Any CPU.Build.0 = Release|Any CPU
		{B9E45E7B-1D6A-418A-BAB4-320584720B76}.Debug|Any CPU.ActiveCfg = Debug|Any CPU
		{B9E45E7B-1D6A-418A-BAB4-320584720B76}.Debug|Any CPU.Build.0 = Debug|Any CPU
		{B9E45E7B-1D6A-418A-BAB4-320584720B76}.Release|Any CPU.ActiveCfg = Release|Any CPU
		{B9E45E7B-1D6A-418A-BAB4-320584720B76}.Release|Any CPU.Build.0 = Release|Any CPU
		{DB5E77D5-671C-4516-BC7E-580566A780B6}.Debug|Any CPU.ActiveCfg = Debug|Any CPU
		{DB5E77D5-671C-4516-BC7E-580566A780B6}.Debug|Any CPU.Build.0 = Debug|Any CPU
		{DB5E77D5-671C-4516-BC7E-580566A780B6}.Release|Any CPU.ActiveCfg = Release|Any CPU
		{DB5E77D5-671C-4516-BC7E-580566A780B6}.Release|Any CPU.Build.0 = Release|Any CPU
		{F2B9716B-1DCE-43B8-84A3-38029B693E90}.Debug|Any CPU.ActiveCfg = Debug|Any CPU
		{F2B9716B-1DCE-43B8-84A3-38029B693E90}.Debug|Any CPU.Build.0 = Debug|Any CPU
		{F2B9716B-1DCE-43B8-84A3-38029B693E90}.Release|Any CPU.ActiveCfg = Release|Any CPU
		{F2B9716B-1DCE-43B8-84A3-38029B693E90}.Release|Any CPU.Build.0 = Release|Any CPU
		{92D543A8-BF96-47F9-A278-70C0E1054BAD}.Debug|Any CPU.ActiveCfg = Debug|Any CPU
		{92D543A8-BF96-47F9-A278-70C0E1054BAD}.Debug|Any CPU.Build.0 = Debug|Any CPU
		{92D543A8-BF96-47F9-A278-70C0E1054BAD}.Release|Any CPU.ActiveCfg = Release|Any CPU
		{92D543A8-BF96-47F9-A278-70C0E1054BAD}.Release|Any CPU.Build.0 = Release|Any CPU
	EndGlobalSection
	GlobalSection(SolutionProperties) = preSolution
		HideSolutionNode = FALSE
	EndGlobalSection
	GlobalSection(ExtensibilityGlobals) = postSolution
		SolutionGuid = {A04A45DE-3E28-4FA5-A87F-6EDF9012B05D}
	EndGlobalSection
EndGlobal
